
Microsoft Visual Studio Solution File, Format Version 12.00
# Visual Studio Version 16
VisualStudioVersion = 16.0.30114.105
MinimumVisualStudioVersion = 10.0.40219.1
Project("{2150E333-8FDC-42A3-9474-1A3956D46DE8}") = "src", "src", "{8BAA10B7-064C-4689-A793-7E9EB69570DF}"
EndProject
Project("{FAE04EC0-301F-11D3-BF4B-00C04F79EFBC}") = "SimpleAPI", "src\SimpleAPI\SimpleAPI.csproj", "{E8E67F5B-AD73-406F-BA6C-026FC32E5CE6}"
EndProject
Project("{2150E333-8FDC-42A3-9474-1A3956D46DE8}") = "test", "test", "{224C8912-8667-4004-B969-E957C276465A}"
EndProject
Project("{FAE04EC0-301F-11D3-BF4B-00C04F79EFBC}") = "SimpleAPI.Test", "test\SimpleAPI.Test\SimpleAPI.Test.csproj", "{3D12BF2A-3C8C-4C77-A0B1-92D2ADE4EBCF}"
EndProject
Global
	GlobalSection(SolutionConfigurationPlatforms) = preSolution
		Debug|Any CPU = Debug|Any CPU
		Debug|x64 = Debug|x64
		Debug|x86 = Debug|x86
		Release|Any CPU = Release|Any CPU
		Release|x64 = Release|x64
		Release|x86 = Release|x86
	EndGlobalSection
	GlobalSection(SolutionProperties) = preSolution
		HideSolutionNode = FALSE
	EndGlobalSection
	GlobalSection(ProjectConfigurationPlatforms) = postSolution
		{E8E67F5B-AD73-406F-BA6C-026FC32E5CE6}.Debug|Any CPU.ActiveCfg = Debug|Any CPU
		{E8E67F5B-AD73-406F-BA6C-026FC32E5CE6}.Debug|Any CPU.Build.0 = Debug|Any CPU
		{E8E67F5B-AD73-406F-BA6C-026FC32E5CE6}.Debug|x64.ActiveCfg = Debug|Any CPU
		{E8E67F5B-AD73-406F-BA6C-026FC32E5CE6}.Debug|x64.Build.0 = Debug|Any CPU
		{E8E67F5B-AD73-406F-BA6C-026FC32E5CE6}.Debug|x86.ActiveCfg = Debug|Any CPU
		{E8E67F5B-AD73-406F-BA6C-026FC32E5CE6}.Debug|x86.Build.0 = Debug|Any CPU
		{E8E67F5B-AD73-406F-BA6C-026FC32E5CE6}.Release|Any CPU.ActiveCfg = Release|Any CPU
		{E8E67F5B-AD73-406F-BA6C-026FC32E5CE6}.Release|Any CPU.Build.0 = Release|Any CPU
		{E8E67F5B-AD73-406F-BA6C-026FC32E5CE6}.Release|x64.ActiveCfg = Release|Any CPU
		{E8E67F5B-AD73-406F-BA6C-026FC32E5CE6}.Release|x64.Build.0 = Release|Any CPU
		{E8E67F5B-AD73-406F-BA6C-026FC32E5CE6}.Release|x86.ActiveCfg = Release|Any CPU
		{E8E67F5B-AD73-406F-BA6C-026FC32E5CE6}.Release|x86.Build.0 = Release|Any CPU
		{3D12BF2A-3C8C-4C77-A0B1-92D2ADE4EBCF}.Debug|Any CPU.ActiveCfg = Debug|Any CPU
		{3D12BF2A-3C8C-4C77-A0B1-92D2ADE4EBCF}.Debug|Any CPU.Build.0 = Debug|Any CPU
		{3D12BF2A-3C8C-4C77-A0B1-92D2ADE4EBCF}.Debug|x64.ActiveCfg = Debug|Any CPU
		{3D12BF2A-3C8C-4C77-A0B1-92D2ADE4EBCF}.Debug|x64.Build.0 = Debug|Any CPU
		{3D12BF2A-3C8C-4C77-A0B1-92D2ADE4EBCF}.Debug|x86.ActiveCfg = Debug|Any CPU
		{3D12BF2A-3C8C-4C77-A0B1-92D2ADE4EBCF}.Debug|x86.Build.0 = Debug|Any CPU
		{3D12BF2A-3C8C-4C77-A0B1-92D2ADE4EBCF}.Release|Any CPU.ActiveCfg = Release|Any CPU
		{3D12BF2A-3C8C-4C77-A0B1-92D2ADE4EBCF}.Release|Any CPU.Build.0 = Release|Any CPU
		{3D12BF2A-3C8C-4C77-A0B1-92D2ADE4EBCF}.Release|x64.ActiveCfg = Release|Any CPU
		{3D12BF2A-3C8C-4C77-A0B1-92D2ADE4EBCF}.Release|x64.Build.0 = Release|Any CPU
		{3D12BF2A-3C8C-4C77-A0B1-92D2ADE4EBCF}.Release|x86.ActiveCfg = Release|Any CPU
		{3D12BF2A-3C8C-4C77-A0B1-92D2ADE4EBCF}.Release|x86.Build.0 = Release|Any CPU
	EndGlobalSection
	GlobalSection(NestedProjects) = preSolution
		{E8E67F5B-AD73-406F-BA6C-026FC32E5CE6} = {8BAA10B7-064C-4689-A793-7E9EB69570DF}
		{3D12BF2A-3C8C-4C77-A0B1-92D2ADE4EBCF} = {224C8912-8667-4004-B969-E957C276465A}
	EndGlobalSection
EndGlobal
